
Microsoft Visual Studio Solution File, Format Version 12.00
# Visual Studio Version 16
VisualStudioVersion = 16.0.31321.278
MinimumVisualStudioVersion = 10.0.40219.1
Project("{FAE04EC0-301F-11D3-BF4B-00C04F79EFBC}") = "GeneralStore.MVC", "GeneralStore.MVC\GeneralStore.MVC.csproj", "{29C2C102-1DB9-4BAB-8E5D-4BFA5A28D943}"
EndProject
Global
	GlobalSection(SolutionConfigurationPlatforms) = preSolution
		Debug|Any CPU = Debug|Any CPU
		Release|Any CPU = Release|Any CPU
	EndGlobalSection
	GlobalSection(ProjectConfigurationPlatforms) = postSolution
		{29C2C102-1DB9-4BAB-8E5D-4BFA5A28D943}.Debug|Any CPU.ActiveCfg = Debug|Any CPU
		{29C2C102-1DB9-4BAB-8E5D-4BFA5A28D943}.Debug|Any CPU.Build.0 = Debug|Any CPU
		{29C2C102-1DB9-4BAB-8E5D-4BFA5A28D943}.Release|Any CPU.ActiveCfg = Release|Any CPU
		{29C2C102-1DB9-4BAB-8E5D-4BFA5A28D943}.Release|Any CPU.Build.0 = Release|Any CPU
	EndGlobalSection
	GlobalSection(SolutionProperties) = preSolution
		HideSolutionNode = FALSE
	EndGlobalSection
	GlobalSection(ExtensibilityGlobals) = postSolution
		SolutionGuid = {BC21345F-21F8-4B6D-AD5C-877947738DEF}
	EndGlobalSection
EndGlobal
